
Microsoft Visual Studio Solution File, Format Version 12.00
# Visual Studio Version 16
VisualStudioVersion = 16.0.30517.126
MinimumVisualStudioVersion = 10.0.40219.1
Project("{FAE04EC0-301F-11D3-BF4B-00C04F79EFBC}") = "Entities", "Entities\Entities.csproj", "{048C10EA-103C-4FD7-93E2-FB9A0F0E9795}"
EndProject
Project("{FAE04EC0-301F-11D3-BF4B-00C04F79EFBC}") = "DataAccess", "DataAccess\DataAccess.csproj", "{0FB11DF2-037B-4C1F-8041-3904B0EC6EFC}"
EndProject
Project("{FAE04EC0-301F-11D3-BF4B-00C04F79EFBC}") = "Business", "Business\Business.csproj", "{BD2D0FB7-7F36-4FD7-ADDA-2F0F67EEA6A0}"
EndProject
Project("{FAE04EC0-301F-11D3-BF4B-00C04F79EFBC}") = "Core", "Core\Core.csproj", "{7BBBBF74-8886-4B1E-872D-9D51C57D685D}"
EndProject
Project("{FAE04EC0-301F-11D3-BF4B-00C04F79EFBC}") = "WebApi", "WebApi\WebApi.csproj", "{7E4C5E10-CB54-463D-8346-7FA1319A891E}"
EndProject
Global
	GlobalSection(SolutionConfigurationPlatforms) = preSolution
		Debug|Any CPU = Debug|Any CPU
		Release|Any CPU = Release|Any CPU
	EndGlobalSection
	GlobalSection(ProjectConfigurationPlatforms) = postSolution
		{048C10EA-103C-4FD7-93E2-FB9A0F0E9795}.Debug|Any CPU.ActiveCfg = Debug|Any CPU
		{048C10EA-103C-4FD7-93E2-FB9A0F0E9795}.Debug|Any CPU.Build.0 = Debug|Any CPU
		{048C10EA-103C-4FD7-93E2-FB9A0F0E9795}.Release|Any CPU.ActiveCfg = Release|Any CPU
		{048C10EA-103C-4FD7-93E2-FB9A0F0E9795}.Release|Any CPU.Build.0 = Release|Any CPU
		{0FB11DF2-037B-4C1F-8041-3904B0EC6EFC}.Debug|Any CPU.ActiveCfg = Debug|Any CPU
		{0FB11DF2-037B-4C1F-8041-3904B0EC6EFC}.Debug|Any CPU.Build.0 = Debug|Any CPU
		{0FB11DF2-037B-4C1F-8041-3904B0EC6EFC}.Release|Any CPU.ActiveCfg = Release|Any CPU
		{0FB11DF2-037B-4C1F-8041-3904B0EC6EFC}.Release|Any CPU.Build.0 = Release|Any CPU
		{BD2D0FB7-7F36-4FD7-ADDA-2F0F67EEA6A0}.Debug|Any CPU.ActiveCfg = Debug|Any CPU
		{BD2D0FB7-7F36-4FD7-ADDA-2F0F67EEA6A0}.Debug|Any CPU.Build.0 = Debug|Any CPU
		{BD2D0FB7-7F36-4FD7-ADDA-2F0F67EEA6A0}.Release|Any CPU.ActiveCfg = Release|Any CPU
		{BD2D0FB7-7F36-4FD7-ADDA-2F0F67EEA6A0}.Release|Any CPU.Build.0 = Release|Any CPU
		{7BBBBF74-8886-4B1E-872D-9D51C57D685D}.Debug|Any CPU.ActiveCfg = Debug|Any CPU
		{7BBBBF74-8886-4B1E-872D-9D51C57D685D}.Debug|Any CPU.Build.0 = Debug|Any CPU
		{7BBBBF74-8886-4B1E-872D-9D51C57D685D}.Release|Any CPU.ActiveCfg = Release|Any CPU
		{7BBBBF74-8886-4B1E-872D-9D51C57D685D}.Release|Any CPU.Build.0 = Release|Any CPU
		{7E4C5E10-CB54-463D-8346-7FA1319A891E}.Debug|Any CPU.ActiveCfg = Debug|Any CPU
		{7E4C5E10-CB54-463D-8346-7FA1319A891E}.Debug|Any CPU.Build.0 = Debug|Any CPU
		{7E4C5E10-CB54-463D-8346-7FA1319A891E}.Release|Any CPU.ActiveCfg = Release|Any CPU
		{7E4C5E10-CB54-463D-8346-7FA1319A891E}.Release|Any CPU.Build.0 = Release|Any CPU
	EndGlobalSection
	GlobalSection(SolutionProperties) = preSolution
		HideSolutionNode = FALSE
	EndGlobalSection
	GlobalSection(ExtensibilityGlobals) = postSolution
		SolutionGuid = {65E25C4D-9212-4563-8896-B9E492D327FF}
	EndGlobalSection
EndGlobal
